
Microsoft Visual Studio Solution File, Format Version 12.00
# Visual Studio Version 16
VisualStudioVersion = 16.0.29709.97
MinimumVisualStudioVersion = 10.0.40219.1
Project("{FAE04EC0-301F-11D3-BF4B-00C04F79EFBC}") = "PRSpline", "PRSpline\PRSpline.csproj", "{DCC9CE2B-C731-4BB6-8CCF-17938324D065}"
EndProject
Project("{FAE04EC0-301F-11D3-BF4B-00C04F79EFBC}") = "FFTWSharp", "..\FFTWSharp-master\FFTWSharp\FFTWSharp.csproj", "{BEA875B8-E28A-49C5-8E7E-6512DA65F7E1}"
EndProject
Project("{FAE04EC0-301F-11D3-BF4B-00C04F79EFBC}") = "AutoDownloading", "AutoDownloading\AutoDownloading.csproj", "{138EBE57-1C3B-4DBB-84E4-41FFC7D5F541}"
EndProject
Project("{FAE04EC0-301F-11D3-BF4B-00C04F79EFBC}") = "FW_Setup", "FW_Setup\FW_Setup.csproj", "{BF37EB15-8F40-48B6-B116-709CF6B2B927}"
EndProject
Global
	GlobalSection(SolutionConfigurationPlatforms) = preSolution
		Debug|Any CPU = Debug|Any CPU
		Debug|Mixed Platforms = Debug|Mixed Platforms
		Debug|x86 = Debug|x86
		Release|Any CPU = Release|Any CPU
		Release|Mixed Platforms = Release|Mixed Platforms
		Release|x86 = Release|x86
	EndGlobalSection
	GlobalSection(ProjectConfigurationPlatforms) = postSolution
		{DCC9CE2B-C731-4BB6-8CCF-17938324D065}.Debug|Any CPU.ActiveCfg = Debug|x86
		{DCC9CE2B-C731-4BB6-8CCF-17938324D065}.Debug|Mixed Platforms.ActiveCfg = Debug|x86
		{DCC9CE2B-C731-4BB6-8CCF-17938324D065}.Debug|Mixed Platforms.Build.0 = Debug|x86
		{DCC9CE2B-C731-4BB6-8CCF-17938324D065}.Debug|x86.ActiveCfg = Debug|x86
		{DCC9CE2B-C731-4BB6-8CCF-17938324D065}.Debug|x86.Build.0 = Debug|x86
		{DCC9CE2B-C731-4BB6-8CCF-17938324D065}.Release|Any CPU.ActiveCfg = Release|x86
		{DCC9CE2B-C731-4BB6-8CCF-17938324D065}.Release|Mixed Platforms.ActiveCfg = Release|x86
		{DCC9CE2B-C731-4BB6-8CCF-17938324D065}.Release|Mixed Platforms.Build.0 = Release|x86
		{DCC9CE2B-C731-4BB6-8CCF-17938324D065}.Release|x86.ActiveCfg = Release|x86
		{DCC9CE2B-C731-4BB6-8CCF-17938324D065}.Release|x86.Build.0 = Release|x86
		{BEA875B8-E28A-49C5-8E7E-6512DA65F7E1}.Debug|Any CPU.ActiveCfg = Debug|Any CPU
		{BEA875B8-E28A-49C5-8E7E-6512DA65F7E1}.Debug|Any CPU.Build.0 = Debug|Any CPU
		{BEA875B8-E28A-49C5-8E7E-6512DA65F7E1}.Debug|Mixed Platforms.ActiveCfg = Debug|Any CPU
		{BEA875B8-E28A-49C5-8E7E-6512DA65F7E1}.Debug|Mixed Platforms.Build.0 = Debug|Any CPU
		{BEA875B8-E28A-49C5-8E7E-6512DA65F7E1}.Debug|x86.ActiveCfg = Debug|Any CPU
		{BEA875B8-E28A-49C5-8E7E-6512DA65F7E1}.Release|Any CPU.ActiveCfg = Release|Any CPU
		{BEA875B8-E28A-49C5-8E7E-6512DA65F7E1}.Release|Any CPU.Build.0 = Release|Any CPU
		{BEA875B8-E28A-49C5-8E7E-6512DA65F7E1}.Release|Mixed Platforms.ActiveCfg = Release|Any CPU
		{BEA875B8-E28A-49C5-8E7E-6512DA65F7E1}.Release|Mixed Platforms.Build.0 = Release|Any CPU
		{BEA875B8-E28A-49C5-8E7E-6512DA65F7E1}.Release|x86.ActiveCfg = Release|Any CPU
		{138EBE57-1C3B-4DBB-84E4-41FFC7D5F541}.Debug|Any CPU.ActiveCfg = Debug|Any CPU
		{138EBE57-1C3B-4DBB-84E4-41FFC7D5F541}.Debug|Any CPU.Build.0 = Debug|Any CPU
		{138EBE57-1C3B-4DBB-84E4-41FFC7D5F541}.Debug|Mixed Platforms.ActiveCfg = Debug|Any CPU
		{138EBE57-1C3B-4DBB-84E4-41FFC7D5F541}.Debug|Mixed Platforms.Build.0 = Debug|Any CPU
		{138EBE57-1C3B-4DBB-84E4-41FFC7D5F541}.Debug|x86.ActiveCfg = Debug|Any CPU
		{138EBE57-1C3B-4DBB-84E4-41FFC7D5F541}.Debug|x86.Build.0 = Debug|Any CPU
		{138EBE57-1C3B-4DBB-84E4-41FFC7D5F541}.Release|Any CPU.ActiveCfg = Release|Any CPU
		{138EBE57-1C3B-4DBB-84E4-41FFC7D5F541}.Release|Any CPU.Build.0 = Release|Any CPU
		{138EBE57-1C3B-4DBB-84E4-41FFC7D5F541}.Release|Mixed Platforms.ActiveCfg = Release|Any CPU
		{138EBE57-1C3B-4DBB-84E4-41FFC7D5F541}.Release|Mixed Platforms.Build.0 = Release|Any CPU
		{138EBE57-1C3B-4DBB-84E4-41FFC7D5F541}.Release|x86.ActiveCfg = Release|Any CPU
		{138EBE57-1C3B-4DBB-84E4-41FFC7D5F541}.Release|x86.Build.0 = Release|Any CPU
		{BF37EB15-8F40-48B6-B116-709CF6B2B927}.Debug|Any CPU.ActiveCfg = Debug|Any CPU
		{BF37EB15-8F40-48B6-B116-709CF6B2B927}.Debug|Any CPU.Build.0 = Debug|Any CPU
		{BF37EB15-8F40-48B6-B116-709CF6B2B927}.Debug|Mixed Platforms.ActiveCfg = Debug|Any CPU
		{BF37EB15-8F40-48B6-B116-709CF6B2B927}.Debug|Mixed Platforms.Build.0 = Debug|Any CPU
		{BF37EB15-8F40-48B6-B116-709CF6B2B927}.Debug|x86.ActiveCfg = Debug|Any CPU
		{BF37EB15-8F40-48B6-B116-709CF6B2B927}.Debug|x86.Build.0 = Debug|Any CPU
		{BF37EB15-8F40-48B6-B116-709CF6B2B927}.Release|Any CPU.ActiveCfg = Release|Any CPU
		{BF37EB15-8F40-48B6-B116-709CF6B2B927}.Release|Any CPU.Build.0 = Release|Any CPU
		{BF37EB15-8F40-48B6-B116-709CF6B2B927}.Release|Mixed Platforms.ActiveCfg = Release|Any CPU
		{BF37EB15-8F40-48B6-B116-709CF6B2B927}.Release|Mixed Platforms.Build.0 = Release|Any CPU
		{BF37EB15-8F40-48B6-B116-709CF6B2B927}.Release|x86.ActiveCfg = Release|Any CPU
		{BF37EB15-8F40-48B6-B116-709CF6B2B927}.Release|x86.Build.0 = Release|Any CPU
	EndGlobalSection
	GlobalSection(SolutionProperties) = preSolution
		HideSolutionNode = FALSE
	EndGlobalSection
	GlobalSection(ExtensibilityGlobals) = postSolution
		SolutionGuid = {F005B11C-073C-425C-8F9B-5FBEB00259BC}
	EndGlobalSection
EndGlobal
